{
  "name": "test",
  "lockfileVersion": 2,
  "requires": true,
  "packages": {
    "": {
      "devDependencies": {
        "@tbosmans/eslint-config": "file:../",
        "typescript": "^5.0.4"
      }
    },
    "..": {
      "name": "@tbosmans/eslint-config",
      "version": "2.0.1",
      "dev": true,
      "license": "ISC",
      "devDependencies": {
        "@typescript-eslint/eslint-plugin": "*",
        "@typescript-eslint/parser": "*",
        "eslint": "*",
        "eslint-config-prettier": "*",
        "eslint-plugin-jest": "*",
        "eslint-plugin-prettier": "*",
        "eslint-plugin-react": "*",
        "eslint-plugin-vitest": "*",
        "prettier": "*"
      },
      "peerDependencies": {
        "@typescript-eslint/eslint-plugin": "^5.45.0",
        "@typescript-eslint/parser": "^5.45.0",
        "eslint": "^8.29.0",
        "eslint-config-prettier": "^8.5.0",
        "eslint-plugin-jest": "^27.2.1",
        "eslint-plugin-prettier": "^4.2.1",
        "eslint-plugin-react": "^7.32.2",
        "eslint-plugin-vitest": "^0.1.4",
        "prettier": "^2.8.0"
      }
    },
    "node_modules/@tbosmans/eslint-config": {
      "resolved": "..",
      "link": true
    },
    "node_modules/typescript": {
      "version": "5.0.4",
      "resolved": "https://registry.npmjs.org/typescript/-/typescript-5.0.4.tgz",
      "integrity": "sha512-cW9T5W9xY37cc+jfEnaUvX91foxtHkza3Nw3wkoF4sSlKn0MONdkdEndig/qPBWXNkmplh3NzayQzCiHM4/hqw==",
      "dev": true,
      "bin": {
        "tsc": "bin/tsc",
        "tsserver": "bin/tsserver"
      },
      "engines": {
        "node": ">=12.20"
      }
    }
  },
  "dependencies": {
    "@tbosmans/eslint-config": {
      "version": "file:..",
      "requires": {
        "@typescript-eslint/eslint-plugin": "*",
        "@typescript-eslint/parser": "*",
        "eslint": "*",
        "eslint-config-prettier": "*",
        "eslint-plugin-jest": "*",
        "eslint-plugin-prettier": "*",
        "eslint-plugin-react": "*",
        "eslint-plugin-vitest": "*",
        "prettier": "*"
      }
    },
    "typescript": {
      "version": "5.0.4",
      "resolved": "https://registry.npmjs.org/typescript/-/typescript-5.0.4.tgz",
      "integrity": "sha512-cW9T5W9xY37cc+jfEnaUvX91foxtHkza3Nw3wkoF4sSlKn0MONdkdEndig/qPBWXNkmplh3NzayQzCiHM4/hqw==",
      "dev": true
    }
  }
}
