{
  "name": "test",
  "lockfileVersion": 3,
  "requires": true,
  "packages": {
    "": {
      "devDependencies": {
        "@tbosmans/eslint-config": "file:../",
        "typescript": "^5.0.4"
      }
    },
    "..": {
      "name": "@tbosmans/eslint-config",
      "version": "2.0.3",
      "dev": true,
      "license": "ISC",
      "devDependencies": {
        "@typescript-eslint/eslint-plugin": "^5.62.0",
        "@typescript-eslint/parser": "^5.62.0",
        "eslint": "^8.46.0",
        "eslint-config-prettier": "^8.10.0",
        "eslint-plugin-jest": "^27.2.3",
        "eslint-plugin-prettier": "^4.2.1",
        "eslint-plugin-react": "^7.33.1",
        "eslint-plugin-vitest": "^0.1.5",
        "prettier": "^2.8.8"
      }
    },
    "node_modules/@tbosmans/eslint-config": {
      "resolved": "..",
      "link": true
    },
    "node_modules/typescript": {
      "version": "5.1.6",
      "resolved": "https://registry.npmjs.org/typescript/-/typescript-5.1.6.tgz",
      "integrity": "sha512-zaWCozRZ6DLEWAWFrVDz1H6FVXzUSfTy5FUMWsQlU8Ym5JP9eO4xkTIROFCQvhQf61z6O/G6ugw3SgAnvvm+HA==",
      "dev": true,
      "bin": {
        "tsc": "bin/tsc",
        "tsserver": "bin/tsserver"
      },
      "engines": {
        "node": ">=14.17"
      }
    }
  }
}
